// !$*UTF8*$!
{
	archiveVersion = 1;
	classes = {
	};
	objectVersion = 46;
	objects = {

/* Begin PBXBuildFile section */
		F35F6D0B1E0AFC2600FF2AFD /* AppDelegate.swift in Sources */ = {isa = PBXBuildFile; fileRef = F35F6D0A1E0AFC2600FF2AFD /* AppDelegate.swift */; };
		F35F6D0D1E0AFC2600FF2AFD /* ViewController.swift in Sources */ = {isa = PBXBuildFile; fileRef = F35F6D0C1E0AFC2600FF2AFD /* ViewController.swift */; };
		F35F6D0F1E0AFC2600FF2AFD /* Assets.xcassets in Resources */ = {isa = PBXBuildFile; fileRef = F35F6D0E1E0AFC2600FF2AFD /* Assets.xcassets */; };
		F35F6D121E0AFC2600FF2AFD /* Main.storyboard in Resources */ = {isa = PBXBuildFile; fileRef = F35F6D101E0AFC2600FF2AFD /* Main.storyboard */; };
/* End PBXBuildFile section */

/* Begin PBXFileReference section */
		F35F6D071E0AFC2600FF2AFD /* MagicEight.app */ = {isa = PBXFileReference; explicitFileType = wrapper.application; includeInIndex = 0; path = MagicEight.app; sourceTree = BUILT_PRODUCTS_DIR; };
		F35F6D0A1E0AFC2600FF2AFD /* AppDelegate.swift */ = {isa = PBXFileReference; lastKnownFileType = sourcecode.swift; path = AppDelegate.swift; sourceTree = "<group>"; };
		F35F6D0C1E0AFC2600FF2AFD /* ViewController.swift */ = {isa = PBXFileReference; lastKnownFileType = sourcecode.swift; path = ViewController.swift; sourceTree = "<group>"; };
		F35F6D0E1E0AFC2600FF2AFD /* Assets.xcassets */ = {isa = PBXFileReference; lastKnownFileType = folder.assetcatalog; path = Assets.xcassets; sourceTree = "<group>"; };
		F35F6D111E0AFC2600FF2AFD /* Base */ = {isa = PBXFileReference; lastKnownFileType = file.storyboard; name = Base; path = Base.lproj/Main.storyboard; sourceTree = "<group>"; };
		F35F6D131E0AFC2600FF2AFD /* Info.plist */ = {isa = PBXFileReference; lastKnownFileType = text.plist.xml; path = Info.plist; sourceTree = "<group>"; };
/* End PBXFileReference section */

/* Begin PBXFrameworksBuildPhase section */
		F35F6D041E0AFC2600FF2AFD /* Frameworks */ = {
			isa = PBXFrameworksBuildPhase;
			buildActionMask = 2147483647;
			files = (
			);
			runOnlyForDeploymentPostprocessing = 0;
		};
/* End PBXFrameworksBuildPhase section */

/* Begin PBXGroup section */
		F35F6CFE1E0AFC2600FF2AFD = {
			isa = PBXGroup;
			children = (
				F35F6D091E0AFC2600FF2AFD /* MagicEight */,
				F35F6D081E0AFC2600FF2AFD /* Products */,
			);
			sourceTree = "<group>";
		};
		F35F6D081E0AFC2600FF2AFD /* Products */ = {
			isa = PBXGroup;
			children = (
				F35F6D071E0AFC2600FF2AFD /* MagicEight.app */,
			);
			name = Products;
			sourceTree = "<group>";
		};
		F35F6D091E0AFC2600FF2AFD /* MagicEight */ = {
			isa = PBXGroup;
			children = (
				F35F6D0A1E0AFC2600FF2AFD /* AppDelegate.swift */,
				F35F6D0C1E0AFC2600FF2AFD /* ViewController.swift */,
				F35F6D0E1E0AFC2600FF2AFD /* Assets.xcassets */,
				F35F6D101E0AFC2600FF2AFD /* Main.storyboard */,
				F35F6D131E0AFC2600FF2AFD /* Info.plist */,
			);
			path = MagicEight;
			sourceTree = "<group>";
		};
/* End PBXGroup section */

/* Begin PBXNativeTarget section */
		F35F6D061E0AFC2600FF2AFD /* MagicEight */ = {
			isa = PBXNativeTarget;
			buildConfigurationList = F35F6D161E0AFC2600FF2AFD /* Build configuration list for PBXNativeTarget "MagicEight" */;
			buildPhases = (
				F35F6D031E0AFC2600FF2AFD /* Sources */,
				F35F6D041E0AFC2600FF2AFD /* Frameworks */,
				F35F6D051E0AFC2600FF2AFD /* Resources */,
			);
			buildRules = (
			);
			dependencies = (
			);
			name = MagicEight;
			productName = MagicEight;
			productReference = F35F6D071E0AFC2600FF2AFD /* MagicEight.app */;
			productType = "com.apple.product-type.application";
		};
/* End PBXNativeTarget section */

/* Begin PBXProject section */
		F35F6CFF1E0AFC2600FF2AFD /* Project object */ = {
			isa = PBXProject;
			attributes = {
				LastSwiftUpdateCheck = 0820;
				LastUpgradeCheck = 0820;
				ORGANIZATIONNAME = Richie;
				TargetAttributes = {
					F35F6D061E0AFC2600FF2AFD = {
						CreatedOnToolsVersion = 8.2;
						DevelopmentTeam = GQ6DHHL68B;
						ProvisioningStyle = Automatic;
					};
				};
			};
			buildConfigurationList = F35F6D021E0AFC2600FF2AFD /* Build configuration list for PBXProject "MagicEight" */;
			compatibilityVersion = "Xcode 3.2";
			developmentRegion = English;
			hasScannedForEncodings = 0;
			knownRegions = (
				en,
				Base,
			);
			mainGroup = F35F6CFE1E0AFC2600FF2AFD;
			productRefGroup = F35F6D081E0AFC2600FF2AFD /* Products */;
			projectDirPath = "";
			projectRoot = "";
			targets = (
				F35F6D061E0AFC2600FF2AFD /* MagicEight */,
			);
		};
/* End PBXProject section */

/* Begin PBXResourcesBuildPhase section */
		F35F6D051E0AFC2600FF2AFD /* Resources */ = {
			isa = PBXResourcesBuildPhase;
			buildActionMask = 2147483647;
			files = (
				F35F6D0F1E0AFC2600FF2AFD /* Assets.xcassets in Resources */,
				F35F6D121E0AFC2600FF2AFD /* Main.storyboard in Resources */,
			);
			runOnlyForDeploymentPostprocessing = 0;
		};
/* End PBXResourcesBuildPhase section */

/* Begin PBXSourcesBuildPhase section */
		F35F6D031E0AFC2600FF2AFD /* Sources */ = {
			isa = PBXSourcesBuildPhase;
			buildActionMask = 2147483647;
			files = (
				F35F6D0D1E0AFC2600FF2AFD /* ViewController.swift in Sources */,
				F35F6D0B1E0AFC2600FF2AFD /* AppDelegate.swift in Sources */,
			);
			runOnlyForDeploymentPostprocessing = 0;
		};
/* End PBXSourcesBuildPhase section */

/* Begin PBXVariantGroup section */
		F35F6D101E0AFC2600FF2AFD /* Main.storyboard */ = {
			isa = PBXVariantGroup;
			children = (
				F35F6D111E0AFC2600FF2AFD /* Base */,
			);
			name = Main.storyboard;
			sourceTree = "<group>";
		};
/* End PBXVariantGroup section */

/* Begin XCBuildConfiguration section */
		F35F6D141E0AFC2600FF2AFD /* Debug */ = {
			isa = XCBuildConfiguration;
			buildSettings = {
				ALWAYS_SEARCH_USER_PATHS = NO;
				CLANG_ANALYZER_NONNULL = YES;
				CLANG_CXX_LANGUAGE_STANDARD = "gnu++0x";
				CLANG_CXX_LIBRARY = "libc++";
				CLANG_ENABLE_MODULES = YES;
				CLANG_ENABLE_OBJC_ARC = YES;
				CLANG_WARN_BOOL_CONVERSION = YES;
				CLANG_WARN_CONSTANT_CONVERSION = YES;
				CLANG_WARN_DIRECT_OBJC_ISA_USAGE = YES_ERROR;
				CLANG_WARN_DOCUMENTATION_COMMENTS = YES;
				CLANG_WARN_EMPTY_BODY = YES;
				CLANG_WARN_ENUM_CONVERSION = YES;
				CLANG_WARN_INFINITE_RECURSION = YES;
				CLANG_WARN_INT_CONVERSION = YES;
				CLANG_WARN_OBJC_ROOT_CLASS = YES_ERROR;
				CLANG_WARN_SUSPICIOUS_MOVE = YES;
				CLANG_WARN_UNREACHABLE_CODE = YES;
				CLANG_WARN__DUPLICATE_METHOD_MATCH = YES;
				CODE_SIGN_IDENTITY = "-";
				COPY_PHASE_STRIP = NO;
				DEBUG_INFORMATION_FORMAT = dwarf;
				ENABLE_STRICT_OBJC_MSGSEND = YES;
				ENABLE_TESTABILITY = YES;
				GCC_C_LANGUAGE_STANDARD = gnu99;
				GCC_DYNAMIC_NO_PIC = NO;
				GCC_NO_COMMON_BLOCKS = YES;
				GCC_OPTIMIZATION_LEVEL = 0;
				GCC_PREPROCESSOR_DEFINITIONS = (
					"DEBUG=1",
					"$(inherited)",
				);
				GCC_WARN_64_TO_32_BIT_CONVERSION = YES;
				GCC_WARN_ABOUT_RETURN_TYPE = YES_ERROR;
				GCC_WARN_UNDECLARED_SELECTOR = YES;
				GCC_WARN_UNINITIALIZED_AUTOS = YES_AGGRESSIVE;
				GCC_WARN_UNUSED_FUNCTION = YES;
				GCC_WARN_UNUSED_VARIABLE = YES;
				MACOSX_DEPLOYMENT_TARGET = 10.12;
				MTL_ENABLE_DEBUG_INFO = YES;
				ONLY_ACTIVE_ARCH = YES;
				SDKROOT = macosx;
				SWIFT_ACTIVE_COMPILATION_CONDITIONS = DEBUG;
				SWIFT_OPTIMIZATION_LEVEL = "-Onone";
			};
			name = Debug;
		};
		F35F6D151E0AFC2600FF2AFD /* Release */ = {
			isa = XCBuildConfiguration;
			buildSettings = {
				ALWAYS_SEARCH_USER_PATHS = NO;
				CLANG_ANALYZER_NONNULL = YES;
				CLANG_CXX_LANGUAGE_STANDARD = "gnu++0x";
				CLANG_CXX_LIBRARY = "libc++";
				CLANG_ENABLE_MODULES = YES;
				CLANG_ENABLE_OBJC_ARC = YES;
				CLANG_WARN_BOOL_CONVERSION = YES;
				CLANG_WARN_CONSTANT_CONVERSION = YES;
				CLANG_WARN_DIRECT_OBJC_ISA_USAGE = YES_ERROR;
				CLANG_WARN_DOCUMENTATION_COMMENTS = YES;
				CLANG_WARN_EMPTY_BODY = YES;
				CLANG_WARN_ENUM_CONVERSION = YES;
				CLANG_WARN_INFINITE_RECURSION = YES;
				CLANG_WARN_INT_CONVERSION = YES;
				CLANG_WARN_OBJC_ROOT_CLASS = YES_ERROR;
				CLANG_WARN_SUSPICIOUS_MOVE = YES;
				CLANG_WARN_UNREACHABLE_CODE = YES;
				CLANG_WARN__DUPLICATE_METHOD_MATCH = YES;
				CODE_SIGN_IDENTITY = "-";
				COPY_PHASE_STRIP = NO;
				DEBUG_INFORMATION_FORMAT = "dwarf-with-dsym";
				ENABLE_NS_ASSERTIONS = NO;
				ENABLE_STRICT_OBJC_MSGSEND = YES;
				GCC_C_LANGUAGE_STANDARD = gnu99;
				GCC_NO_COMMON_BLOCKS = YES;
				GCC_WARN_64_TO_32_BIT_CONVERSION = YES;
				GCC_WARN_ABOUT_RETURN_TYPE = YES_ERROR;
				GCC_WARN_UNDECLARED_SELECTOR = YES;
				GCC_WARN_UNINITIALIZED_AUTOS = YES_AGGRESSIVE;
				GCC_WARN_UNUSED_FUNCTION = YES;
				GCC_WARN_UNUSED_VARIABLE = YES;
				MACOSX_DEPLOYMENT_TARGET = 10.12;
				MTL_ENABLE_DEBUG_INFO = NO;
				SDKROOT = macosx;
				SWIFT_OPTIMIZATION_LEVEL = "-Owholemodule";
			};
			name = Release;
		};
		F35F6D171E0AFC2600FF2AFD /* Debug */ = {
			isa = XCBuildConfiguration;
			buildSettings = {
				ASSETCATALOG_COMPILER_APPICON_NAME = AppIcon;
				COMBINE_HIDPI_IMAGES = YES;
				DEVELOPMENT_TEAM = GQ6DHHL68B;
				INFOPLIST_FILE = MagicEight/Info.plist;
				LD_RUNPATH_SEARCH_PATHS = "$(inherited) @executable_path/../Frameworks";
				PRODUCT_BUNDLE_IDENTIFIER = com.davisDevelopment.MagicEight;
				PRODUCT_NAME = "$(TARGET_NAME)";
				SWIFT_VERSION = 3.0;
			};
			name = Debug;
		};
		F35F6D181E0AFC2600FF2AFD /* Release */ = {
			isa = XCBuildConfiguration;
			buildSettings = {
				ASSETCATALOG_COMPILER_APPICON_NAME = AppIcon;
				COMBINE_HIDPI_IMAGES = YES;
				DEVELOPMENT_TEAM = GQ6DHHL68B;
				INFOPLIST_FILE = MagicEight/Info.plist;
				LD_RUNPATH_SEARCH_PATHS = "$(inherited) @executable_path/../Frameworks";
				PRODUCT_BUNDLE_IDENTIFIER = com.davisDevelopment.MagicEight;
				PRODUCT_NAME = "$(TARGET_NAME)";
				SWIFT_VERSION = 3.0;
			};
			name = Release;
		};
/* End XCBuildConfiguration section */

/* Begin XCConfigurationList section */
		F35F6D021E0AFC2600FF2AFD /* Build configuration list for PBXProject "MagicEight" */ = {
			isa = XCConfigurationList;
			buildConfigurations = (
				F35F6D141E0AFC2600FF2AFD /* Debug */,
				F35F6D151E0AFC2600FF2AFD /* Release */,
			);
			defaultConfigurationIsVisible = 0;
			defaultConfigurationName = Release;
		};
		F35F6D161E0AFC2600FF2AFD /* Build configuration list for PBXNativeTarget "MagicEight" */ = {
			isa = XCConfigurationList;
			buildConfigurations = (
				F35F6D171E0AFC2600FF2AFD /* Debug */,
				F35F6D181E0AFC2600FF2AFD /* Release */,
			);
			defaultConfigurationIsVisible = 0;
		};
/* End XCConfigurationList section */
	};
	rootObject = F35F6CFF1E0AFC2600FF2AFD /* Project object */;
}
